schema: '2.0'
stages:
  prepare:
    cmd: python -m src.train --prepare-only --force-prepare
    deps:
    - path: data/raw/hmnist_28_28_RGB.csv
      hash: md5
      md5: 49f6b40bcb4be9e46086debd9ab3809b
      size: 91820383
    - path: params.yaml
      hash: md5
      md5: 93f1a1cb5245e18f9d591ce3b417983d
      size: 2411
    - path: src/config.py
      hash: md5
      md5: a2fa5d3d06bb05c275969e356f8c3ac0
      size: 607
    - path: src/ingestion.py
      hash: md5
      md5: ff5f78fe75e6f08493d9f9b358b7df08
      size: 2149
    - path: src/preprocessing.py
      hash: md5
      md5: 9f790a76f1a064190a5530476d2b6254
      size: 3610
    - path: src/train.py
      hash: md5
      md5: 591ee668c93f4dc93bf8f698a02d6802
      size: 12129
    outs:
    - path: data/processed
      hash: md5
      md5: 9b7bb0d19ae928aadef200dbbf4b061e.dir
      size: 25631089
      nfiles: 3
  train:
    cmd: python -m src.train --train-only
    deps:
    - path: data/processed
      hash: md5
      md5: 9b7bb0d19ae928aadef200dbbf4b061e.dir
      size: 25631089
      nfiles: 3
    - path: params.yaml
      hash: md5
      md5: 93f1a1cb5245e18f9d591ce3b417983d
      size: 2411
    - path: src/evaluation.py
      hash: md5
      md5: 3ae36983a0c9869a6252bce4bcbe486b
      size: 2475
    - path: src/train.py
      hash: md5
      md5: 591ee668c93f4dc93bf8f698a02d6802
      size: 12129
    - path: src/training_utils.py
      hash: md5
      md5: f87140aaef2e8ad6a3885a687e85aff4
      size: 724
    outs:
    - path: models/artifacts
      hash: md5
      md5: 6feda9b069cc09131be00c67f3eb5392.dir
      size: 15265505
      nfiles: 5
    - path: reports/figures
      hash: md5
      md5: 55f070a1f4f2bfd791a1f6377b2c8126.dir
      size: 93861
      nfiles: 7
